{
  "originHash" : "80583b6b0b4886f76bfa116ad2825ebd77ad5425944ce171aaebe59325916856",
  "pins" : [
    {
      "identity" : "mupeer",
      "kind" : "remoteSourceControl",
      "location" : "https://github.com/musesum/MuPeer",
      "state" : {
        "revision" : "dfd053d91ec059e552c74d5fb419d89dbbdd6587",
        "version" : "0.23.818"
      }
    }
  ],
  "version" : 3
}
