// !$*UTF8*$!
{
	archiveVersion = 1;
	classes = {
	};
	objectVersion = 56;
	objects = {

/* Begin PBXBuildFile section */
		9B04347B2BE4149B005B1606 /* P2PNetwork.swift in Sources */ = {isa = PBXBuildFile; fileRef = 9B04347A2BE4149B005B1606 /* P2PNetwork.swift */; };
		9B04347D2BE56A35005B1606 /* SyncedCircles.swift in Sources */ = {isa = PBXBuildFile; fileRef = 9B04347C2BE56A35005B1606 /* SyncedCircles.swift */; };
		9B04347F2BE56A73005B1606 /* P2PSyncedObject.swift in Sources */ = {isa = PBXBuildFile; fileRef = 9B04347E2BE56A73005B1606 /* P2PSyncedObject.swift */; };
		9B04348D2BEC0199005B1606 /* AirHockeyGameView.swift in Sources */ = {isa = PBXBuildFile; fileRef = 9B04348C2BEC0199005B1606 /* AirHockeyGameView.swift */; };
		9BD2AC392BD6C5ED0086AC78 /* P2PKitExampleApp.swift in Sources */ = {isa = PBXBuildFile; fileRef = 9BD2AC382BD6C5ED0086AC78 /* P2PKitExampleApp.swift */; };
		9BD2AC3B2BD6C5ED0086AC78 /* ContentView.swift in Sources */ = {isa = PBXBuildFile; fileRef = 9BD2AC3A2BD6C5ED0086AC78 /* ContentView.swift */; };
		9BD2AC3D2BD6C5EE0086AC78 /* Assets.xcassets in Resources */ = {isa = PBXBuildFile; fileRef = 9BD2AC3C2BD6C5EE0086AC78 /* Assets.xcassets */; };
		9BD2AC402BD6C5EE0086AC78 /* Preview Assets.xcassets in Resources */ = {isa = PBXBuildFile; fileRef = 9BD2AC3F2BD6C5EE0086AC78 /* Preview Assets.xcassets */; };
		9BD2AC4A2BD6C5EF0086AC78 /* P2PKitExampleTests.swift in Sources */ = {isa = PBXBuildFile; fileRef = 9BD2AC492BD6C5EF0086AC78 /* P2PKitExampleTests.swift */; };
		9BD2AC542BD6C5EF0086AC78 /* P2PKitExampleUITests.swift in Sources */ = {isa = PBXBuildFile; fileRef = 9BD2AC532BD6C5EF0086AC78 /* P2PKitExampleUITests.swift */; };
		9BD2AC562BD6C5EF0086AC78 /* P2PKitExampleUITestsLaunchTests.swift in Sources */ = {isa = PBXBuildFile; fileRef = 9BD2AC552BD6C5EF0086AC78 /* P2PKitExampleUITestsLaunchTests.swift */; };
		9BD2AC642BD962D20086AC78 /* P2PSession.swift in Sources */ = {isa = PBXBuildFile; fileRef = 9BD2AC632BD962D20086AC78 /* P2PSession.swift */; };
		9BD2AC662BD963F80086AC78 /* P2PUtils.swift in Sources */ = {isa = PBXBuildFile; fileRef = 9BD2AC652BD963F80086AC78 /* P2PUtils.swift */; };
		9BD2AC692BD96CED0086AC78 /* PeerListView.swift in Sources */ = {isa = PBXBuildFile; fileRef = 9BD2AC682BD96CED0086AC78 /* PeerListView.swift */; };
		9BD2AC6B2BD972810086AC78 /* Player.swift in Sources */ = {isa = PBXBuildFile; fileRef = 9BD2AC6A2BD972810086AC78 /* Player.swift */; };
		9BD2AC6F2BDBE1010086AC78 /* P2PLogger.swift in Sources */ = {isa = PBXBuildFile; fileRef = 9BD2AC6E2BDBE1010086AC78 /* P2PLogger.swift */; };
		9BD2AC712BDE94F10086AC78 /* SyncedCounter.swift in Sources */ = {isa = PBXBuildFile; fileRef = 9BD2AC702BDE94F10086AC78 /* SyncedCounter.swift */; };
		9BD2AC752BDFED300086AC78 /* DebugDataView.swift in Sources */ = {isa = PBXBuildFile; fileRef = 9BD2AC742BDFED300086AC78 /* DebugDataView.swift */; };
		9BD2AC772BDFF17F0086AC78 /* ShowBrowserButton.swift in Sources */ = {isa = PBXBuildFile; fileRef = 9BD2AC762BDFF17F0086AC78 /* ShowBrowserButton.swift */; };
/* End PBXBuildFile section */

/* Begin PBXContainerItemProxy section */
		9BD2AC462BD6C5EF0086AC78 /* PBXContainerItemProxy */ = {
			isa = PBXContainerItemProxy;
			containerPortal = 9BD2AC2D2BD6C5ED0086AC78 /* Project object */;
			proxyType = 1;
			remoteGlobalIDString = 9BD2AC342BD6C5ED0086AC78;
			remoteInfo = P2PKitExample;
		};
		9BD2AC502BD6C5EF0086AC78 /* PBXContainerItemProxy */ = {
			isa = PBXContainerItemProxy;
			containerPortal = 9BD2AC2D2BD6C5ED0086AC78 /* Project object */;
			proxyType = 1;
			remoteGlobalIDString = 9BD2AC342BD6C5ED0086AC78;
			remoteInfo = P2PKitExample;
		};
/* End PBXContainerItemProxy section */

/* Begin PBXFileReference section */
		9B04347A2BE4149B005B1606 /* P2PNetwork.swift */ = {isa = PBXFileReference; lastKnownFileType = sourcecode.swift; path = P2PNetwork.swift; sourceTree = "<group>"; };
		9B04347C2BE56A35005B1606 /* SyncedCircles.swift */ = {isa = PBXFileReference; lastKnownFileType = sourcecode.swift; path = SyncedCircles.swift; sourceTree = "<group>"; };
		9B04347E2BE56A73005B1606 /* P2PSyncedObject.swift */ = {isa = PBXFileReference; lastKnownFileType = sourcecode.swift; path = P2PSyncedObject.swift; sourceTree = "<group>"; };
		9B04348C2BEC0199005B1606 /* AirHockeyGameView.swift */ = {isa = PBXFileReference; lastKnownFileType = sourcecode.swift; path = AirHockeyGameView.swift; sourceTree = "<group>"; };
		9BD2AC352BD6C5ED0086AC78 /* P2PKitExample.app */ = {isa = PBXFileReference; explicitFileType = wrapper.application; includeInIndex = 0; path = P2PKitExample.app; sourceTree = BUILT_PRODUCTS_DIR; };
		9BD2AC382BD6C5ED0086AC78 /* P2PKitExampleApp.swift */ = {isa = PBXFileReference; lastKnownFileType = sourcecode.swift; path = P2PKitExampleApp.swift; sourceTree = "<group>"; };
		9BD2AC3A2BD6C5ED0086AC78 /* ContentView.swift */ = {isa = PBXFileReference; lastKnownFileType = sourcecode.swift; path = ContentView.swift; sourceTree = "<group>"; };
		9BD2AC3C2BD6C5EE0086AC78 /* Assets.xcassets */ = {isa = PBXFileReference; lastKnownFileType = folder.assetcatalog; path = Assets.xcassets; sourceTree = "<group>"; };
		9BD2AC3F2BD6C5EE0086AC78 /* Preview Assets.xcassets */ = {isa = PBXFileReference; lastKnownFileType = folder.assetcatalog; path = "Preview Assets.xcassets"; sourceTree = "<group>"; };
		9BD2AC452BD6C5EF0086AC78 /* P2PKitExampleTests.xctest */ = {isa = PBXFileReference; explicitFileType = wrapper.cfbundle; includeInIndex = 0; path = P2PKitExampleTests.xctest; sourceTree = BUILT_PRODUCTS_DIR; };
		9BD2AC492BD6C5EF0086AC78 /* P2PKitExampleTests.swift */ = {isa = PBXFileReference; lastKnownFileType = sourcecode.swift; path = P2PKitExampleTests.swift; sourceTree = "<group>"; };
		9BD2AC4F2BD6C5EF0086AC78 /* P2PKitExampleUITests.xctest */ = {isa = PBXFileReference; explicitFileType = wrapper.cfbundle; includeInIndex = 0; path = P2PKitExampleUITests.xctest; sourceTree = BUILT_PRODUCTS_DIR; };
		9BD2AC532BD6C5EF0086AC78 /* P2PKitExampleUITests.swift */ = {isa = PBXFileReference; lastKnownFileType = sourcecode.swift; path = P2PKitExampleUITests.swift; sourceTree = "<group>"; };
		9BD2AC552BD6C5EF0086AC78 /* P2PKitExampleUITestsLaunchTests.swift */ = {isa = PBXFileReference; lastKnownFileType = sourcecode.swift; path = P2PKitExampleUITestsLaunchTests.swift; sourceTree = "<group>"; };
		9BD2AC632BD962D20086AC78 /* P2PSession.swift */ = {isa = PBXFileReference; lastKnownFileType = sourcecode.swift; path = P2PSession.swift; sourceTree = "<group>"; };
		9BD2AC652BD963F80086AC78 /* P2PUtils.swift */ = {isa = PBXFileReference; lastKnownFileType = sourcecode.swift; path = P2PUtils.swift; sourceTree = "<group>"; };
		9BD2AC682BD96CED0086AC78 /* PeerListView.swift */ = {isa = PBXFileReference; lastKnownFileType = sourcecode.swift; path = PeerListView.swift; sourceTree = "<group>"; };
		9BD2AC6A2BD972810086AC78 /* Player.swift */ = {isa = PBXFileReference; lastKnownFileType = sourcecode.swift; path = Player.swift; sourceTree = "<group>"; };
		9BD2AC6C2BD98F9A0086AC78 /* Info.plist */ = {isa = PBXFileReference; lastKnownFileType = text.plist; path = Info.plist; sourceTree = "<group>"; };
		9BD2AC6E2BDBE1010086AC78 /* P2PLogger.swift */ = {isa = PBXFileReference; lastKnownFileType = sourcecode.swift; path = P2PLogger.swift; sourceTree = "<group>"; };
		9BD2AC702BDE94F10086AC78 /* SyncedCounter.swift */ = {isa = PBXFileReference; lastKnownFileType = sourcecode.swift; path = SyncedCounter.swift; sourceTree = "<group>"; };
		9BD2AC742BDFED300086AC78 /* DebugDataView.swift */ = {isa = PBXFileReference; lastKnownFileType = sourcecode.swift; path = DebugDataView.swift; sourceTree = "<group>"; };
		9BD2AC762BDFF17F0086AC78 /* ShowBrowserButton.swift */ = {isa = PBXFileReference; lastKnownFileType = sourcecode.swift; path = ShowBrowserButton.swift; sourceTree = "<group>"; };
/* End PBXFileReference section */

/* Begin PBXFrameworksBuildPhase section */
		9BD2AC322BD6C5ED0086AC78 /* Frameworks */ = {
			isa = PBXFrameworksBuildPhase;
			buildActionMask = 2147483647;
			files = (
			);
			runOnlyForDeploymentPostprocessing = 0;
		};
		9BD2AC422BD6C5EF0086AC78 /* Frameworks */ = {
			isa = PBXFrameworksBuildPhase;
			buildActionMask = 2147483647;
			files = (
			);
			runOnlyForDeploymentPostprocessing = 0;
		};
		9BD2AC4C2BD6C5EF0086AC78 /* Frameworks */ = {
			isa = PBXFrameworksBuildPhase;
			buildActionMask = 2147483647;
			files = (
			);
			runOnlyForDeploymentPostprocessing = 0;
		};
/* End PBXFrameworksBuildPhase section */

/* Begin PBXGroup section */
		9B04348B2BEC0187005B1606 /* Game */ = {
			isa = PBXGroup;
			children = (
				9B04348C2BEC0199005B1606 /* AirHockeyGameView.swift */,
			);
			path = Game;
			sourceTree = "<group>";
		};
		9BD2AC2C2BD6C5ED0086AC78 = {
			isa = PBXGroup;
			children = (
				9BD2AC372BD6C5ED0086AC78 /* P2PKitExample */,
				9BD2AC482BD6C5EF0086AC78 /* P2PKitExampleTests */,
				9BD2AC522BD6C5EF0086AC78 /* P2PKitExampleUITests */,
				9BD2AC362BD6C5ED0086AC78 /* Products */,
			);
			sourceTree = "<group>";
		};
		9BD2AC362BD6C5ED0086AC78 /* Products */ = {
			isa = PBXGroup;
			children = (
				9BD2AC352BD6C5ED0086AC78 /* P2PKitExample.app */,
				9BD2AC452BD6C5EF0086AC78 /* P2PKitExampleTests.xctest */,
				9BD2AC4F2BD6C5EF0086AC78 /* P2PKitExampleUITests.xctest */,
			);
			name = Products;
			sourceTree = "<group>";
		};
		9BD2AC372BD6C5ED0086AC78 /* P2PKitExample */ = {
			isa = PBXGroup;
			children = (
				9BD2AC6C2BD98F9A0086AC78 /* Info.plist */,
				9BD2AC672BD96C8D0086AC78 /* ExampleViews */,
				9BD2AC622BD962990086AC78 /* P2PService */,
				9BD2AC382BD6C5ED0086AC78 /* P2PKitExampleApp.swift */,
				9BD2AC3A2BD6C5ED0086AC78 /* ContentView.swift */,
				9BD2AC3C2BD6C5EE0086AC78 /* Assets.xcassets */,
				9BD2AC3E2BD6C5EE0086AC78 /* Preview Content */,
			);
			path = P2PKitExample;
			sourceTree = "<group>";
		};
		9BD2AC3E2BD6C5EE0086AC78 /* Preview Content */ = {
			isa = PBXGroup;
			children = (
				9BD2AC3F2BD6C5EE0086AC78 /* Preview Assets.xcassets */,
			);
			path = "Preview Content";
			sourceTree = "<group>";
		};
		9BD2AC482BD6C5EF0086AC78 /* P2PKitExampleTests */ = {
			isa = PBXGroup;
			children = (
				9BD2AC492BD6C5EF0086AC78 /* P2PKitExampleTests.swift */,
			);
			path = P2PKitExampleTests;
			sourceTree = "<group>";
		};
		9BD2AC522BD6C5EF0086AC78 /* P2PKitExampleUITests */ = {
			isa = PBXGroup;
			children = (
				9BD2AC532BD6C5EF0086AC78 /* P2PKitExampleUITests.swift */,
				9BD2AC552BD6C5EF0086AC78 /* P2PKitExampleUITestsLaunchTests.swift */,
			);
			path = P2PKitExampleUITests;
			sourceTree = "<group>";
		};
		9BD2AC622BD962990086AC78 /* P2PService */ = {
			isa = PBXGroup;
			children = (
				9BD2AC6D2BDBE0F10086AC78 /* Internal */,
				9B04347A2BE4149B005B1606 /* P2PNetwork.swift */,
				9B04347E2BE56A73005B1606 /* P2PSyncedObject.swift */,
			);
			path = P2PService;
			sourceTree = "<group>";
		};
		9BD2AC672BD96C8D0086AC78 /* ExampleViews */ = {
			isa = PBXGroup;
			children = (
				9B04348B2BEC0187005B1606 /* Game */,
				9BD2AC682BD96CED0086AC78 /* PeerListView.swift */,
				9BD2AC702BDE94F10086AC78 /* SyncedCounter.swift */,
				9B04347C2BE56A35005B1606 /* SyncedCircles.swift */,
				9BD2AC742BDFED300086AC78 /* DebugDataView.swift */,
				9BD2AC762BDFF17F0086AC78 /* ShowBrowserButton.swift */,
			);
			path = ExampleViews;
			sourceTree = "<group>";
		};
		9BD2AC6D2BDBE0F10086AC78 /* Internal */ = {
			isa = PBXGroup;
			children = (
				9BD2AC632BD962D20086AC78 /* P2PSession.swift */,
				9BD2AC6E2BDBE1010086AC78 /* P2PLogger.swift */,
				9BD2AC652BD963F80086AC78 /* P2PUtils.swift */,
				9BD2AC6A2BD972810086AC78 /* Player.swift */,
			);
			path = Internal;
			sourceTree = "<group>";
		};
/* End PBXGroup section */

/* Begin PBXNativeTarget section */
		9BD2AC342BD6C5ED0086AC78 /* P2PKitExample */ = {
			isa = PBXNativeTarget;
			buildConfigurationList = 9BD2AC592BD6C5EF0086AC78 /* Build configuration list for PBXNativeTarget "P2PKitExample" */;
			buildPhases = (
				9BD2AC312BD6C5ED0086AC78 /* Sources */,
				9BD2AC322BD6C5ED0086AC78 /* Frameworks */,
				9BD2AC332BD6C5ED0086AC78 /* Resources */,
			);
			buildRules = (
			);
			dependencies = (
			);
			name = P2PKitExample;
			productName = P2PKitExample;
			productReference = 9BD2AC352BD6C5ED0086AC78 /* P2PKitExample.app */;
			productType = "com.apple.product-type.application";
		};
		9BD2AC442BD6C5EF0086AC78 /* P2PKitExampleTests */ = {
			isa = PBXNativeTarget;
			buildConfigurationList = 9BD2AC5C2BD6C5EF0086AC78 /* Build configuration list for PBXNativeTarget "P2PKitExampleTests" */;
			buildPhases = (
				9BD2AC412BD6C5EF0086AC78 /* Sources */,
				9BD2AC422BD6C5EF0086AC78 /* Frameworks */,
				9BD2AC432BD6C5EF0086AC78 /* Resources */,
			);
			buildRules = (
			);
			dependencies = (
				9BD2AC472BD6C5EF0086AC78 /* PBXTargetDependency */,
			);
			name = P2PKitExampleTests;
			productName = P2PKitExampleTests;
			productReference = 9BD2AC452BD6C5EF0086AC78 /* P2PKitExampleTests.xctest */;
			productType = "com.apple.product-type.bundle.unit-test";
		};
		9BD2AC4E2BD6C5EF0086AC78 /* P2PKitExampleUITests */ = {
			isa = PBXNativeTarget;
			buildConfigurationList = 9BD2AC5F2BD6C5EF0086AC78 /* Build configuration list for PBXNativeTarget "P2PKitExampleUITests" */;
			buildPhases = (
				9BD2AC4B2BD6C5EF0086AC78 /* Sources */,
				9BD2AC4C2BD6C5EF0086AC78 /* Frameworks */,
				9BD2AC4D2BD6C5EF0086AC78 /* Resources */,
			);
			buildRules = (
			);
			dependencies = (
				9BD2AC512BD6C5EF0086AC78 /* PBXTargetDependency */,
			);
			name = P2PKitExampleUITests;
			productName = P2PKitExampleUITests;
			productReference = 9BD2AC4F2BD6C5EF0086AC78 /* P2PKitExampleUITests.xctest */;
			productType = "com.apple.product-type.bundle.ui-testing";
		};
/* End PBXNativeTarget section */

/* Begin PBXProject section */
		9BD2AC2D2BD6C5ED0086AC78 /* Project object */ = {
			isa = PBXProject;
			attributes = {
				BuildIndependentTargetsInParallel = 1;
				LastSwiftUpdateCheck = 1520;
				LastUpgradeCheck = 1520;
				TargetAttributes = {
					9BD2AC342BD6C5ED0086AC78 = {
						CreatedOnToolsVersion = 15.2;
					};
					9BD2AC442BD6C5EF0086AC78 = {
						CreatedOnToolsVersion = 15.2;
						TestTargetID = 9BD2AC342BD6C5ED0086AC78;
					};
					9BD2AC4E2BD6C5EF0086AC78 = {
						CreatedOnToolsVersion = 15.2;
						TestTargetID = 9BD2AC342BD6C5ED0086AC78;
					};
				};
			};
			buildConfigurationList = 9BD2AC302BD6C5ED0086AC78 /* Build configuration list for PBXProject "P2PKitExample" */;
			compatibilityVersion = "Xcode 14.0";
			developmentRegion = en;
			hasScannedForEncodings = 0;
			knownRegions = (
				en,
				Base,
			);
			mainGroup = 9BD2AC2C2BD6C5ED0086AC78;
			productRefGroup = 9BD2AC362BD6C5ED0086AC78 /* Products */;
			projectDirPath = "";
			projectRoot = "";
			targets = (
				9BD2AC342BD6C5ED0086AC78 /* P2PKitExample */,
				9BD2AC442BD6C5EF0086AC78 /* P2PKitExampleTests */,
				9BD2AC4E2BD6C5EF0086AC78 /* P2PKitExampleUITests */,
			);
		};
/* End PBXProject section */

/* Begin PBXResourcesBuildPhase section */
		9BD2AC332BD6C5ED0086AC78 /* Resources */ = {
			isa = PBXResourcesBuildPhase;
			buildActionMask = 2147483647;
			files = (
				9BD2AC402BD6C5EE0086AC78 /* Preview Assets.xcassets in Resources */,
				9BD2AC3D2BD6C5EE0086AC78 /* Assets.xcassets in Resources */,
			);
			runOnlyForDeploymentPostprocessing = 0;
		};
		9BD2AC432BD6C5EF0086AC78 /* Resources */ = {
			isa = PBXResourcesBuildPhase;
			buildActionMask = 2147483647;
			files = (
			);
			runOnlyForDeploymentPostprocessing = 0;
		};
		9BD2AC4D2BD6C5EF0086AC78 /* Resources */ = {
			isa = PBXResourcesBuildPhase;
			buildActionMask = 2147483647;
			files = (
			);
			runOnlyForDeploymentPostprocessing = 0;
		};
/* End PBXResourcesBuildPhase section */

/* Begin PBXSourcesBuildPhase section */
		9BD2AC312BD6C5ED0086AC78 /* Sources */ = {
			isa = PBXSourcesBuildPhase;
			buildActionMask = 2147483647;
			files = (
				9BD2AC662BD963F80086AC78 /* P2PUtils.swift in Sources */,
				9BD2AC752BDFED300086AC78 /* DebugDataView.swift in Sources */,
				9BD2AC6F2BDBE1010086AC78 /* P2PLogger.swift in Sources */,
				9BD2AC772BDFF17F0086AC78 /* ShowBrowserButton.swift in Sources */,
				9BD2AC692BD96CED0086AC78 /* PeerListView.swift in Sources */,
				9B04347D2BE56A35005B1606 /* SyncedCircles.swift in Sources */,
				9BD2AC3B2BD6C5ED0086AC78 /* ContentView.swift in Sources */,
				9BD2AC642BD962D20086AC78 /* P2PSession.swift in Sources */,
				9B04348D2BEC0199005B1606 /* AirHockeyGameView.swift in Sources */,
				9BD2AC6B2BD972810086AC78 /* Player.swift in Sources */,
				9B04347F2BE56A73005B1606 /* P2PSyncedObject.swift in Sources */,
				9BD2AC392BD6C5ED0086AC78 /* P2PKitExampleApp.swift in Sources */,
				9B04347B2BE4149B005B1606 /* P2PNetwork.swift in Sources */,
				9BD2AC712BDE94F10086AC78 /* SyncedCounter.swift in Sources */,
			);
			runOnlyForDeploymentPostprocessing = 0;
		};
		9BD2AC412BD6C5EF0086AC78 /* Sources */ = {
			isa = PBXSourcesBuildPhase;
			buildActionMask = 2147483647;
			files = (
				9BD2AC4A2BD6C5EF0086AC78 /* P2PKitExampleTests.swift in Sources */,
			);
			runOnlyForDeploymentPostprocessing = 0;
		};
		9BD2AC4B2BD6C5EF0086AC78 /* Sources */ = {
			isa = PBXSourcesBuildPhase;
			buildActionMask = 2147483647;
			files = (
				9BD2AC542BD6C5EF0086AC78 /* P2PKitExampleUITests.swift in Sources */,
				9BD2AC562BD6C5EF0086AC78 /* P2PKitExampleUITestsLaunchTests.swift in Sources */,
			);
			runOnlyForDeploymentPostprocessing = 0;
		};
/* End PBXSourcesBuildPhase section */

/* Begin PBXTargetDependency section */
		9BD2AC472BD6C5EF0086AC78 /* PBXTargetDependency */ = {
			isa = PBXTargetDependency;
			target = 9BD2AC342BD6C5ED0086AC78 /* P2PKitExample */;
			targetProxy = 9BD2AC462BD6C5EF0086AC78 /* PBXContainerItemProxy */;
		};
		9BD2AC512BD6C5EF0086AC78 /* PBXTargetDependency */ = {
			isa = PBXTargetDependency;
			target = 9BD2AC342BD6C5ED0086AC78 /* P2PKitExample */;
			targetProxy = 9BD2AC502BD6C5EF0086AC78 /* PBXContainerItemProxy */;
		};
/* End PBXTargetDependency section */

/* Begin XCBuildConfiguration section */
		9BD2AC572BD6C5EF0086AC78 /* Debug */ = {
			isa = XCBuildConfiguration;
			buildSettings = {
				ALWAYS_SEARCH_USER_PATHS = NO;
				ASSETCATALOG_COMPILER_GENERATE_SWIFT_ASSET_SYMBOL_EXTENSIONS = YES;
				CLANG_ANALYZER_NONNULL = YES;
				CLANG_ANALYZER_NUMBER_OBJECT_CONVERSION = YES_AGGRESSIVE;
				CLANG_CXX_LANGUAGE_STANDARD = "gnu++20";
				CLANG_ENABLE_MODULES = YES;
				CLANG_ENABLE_OBJC_ARC = YES;
				CLANG_ENABLE_OBJC_WEAK = YES;
				CLANG_WARN_BLOCK_CAPTURE_AUTORELEASING = YES;
				CLANG_WARN_BOOL_CONVERSION = YES;
				CLANG_WARN_COMMA = YES;
				CLANG_WARN_CONSTANT_CONVERSION = YES;
				CLANG_WARN_DEPRECATED_OBJC_IMPLEMENTATIONS = YES;
				CLANG_WARN_DIRECT_OBJC_ISA_USAGE = YES_ERROR;
				CLANG_WARN_DOCUMENTATION_COMMENTS = YES;
				CLANG_WARN_EMPTY_BODY = YES;
				CLANG_WARN_ENUM_CONVERSION = YES;
				CLANG_WARN_INFINITE_RECURSION = YES;
				CLANG_WARN_INT_CONVERSION = YES;
				CLANG_WARN_NON_LITERAL_NULL_CONVERSION = YES;
				CLANG_WARN_OBJC_IMPLICIT_RETAIN_SELF = YES;
				CLANG_WARN_OBJC_LITERAL_CONVERSION = YES;
				CLANG_WARN_OBJC_ROOT_CLASS = YES_ERROR;
				CLANG_WARN_QUOTED_INCLUDE_IN_FRAMEWORK_HEADER = YES;
				CLANG_WARN_RANGE_LOOP_ANALYSIS = YES;
				CLANG_WARN_STRICT_PROTOTYPES = YES;
				CLANG_WARN_SUSPICIOUS_MOVE = YES;
				CLANG_WARN_UNGUARDED_AVAILABILITY = YES_AGGRESSIVE;
				CLANG_WARN_UNREACHABLE_CODE = YES;
				CLANG_WARN__DUPLICATE_METHOD_MATCH = YES;
				COPY_PHASE_STRIP = NO;
				DEBUG_INFORMATION_FORMAT = dwarf;
				ENABLE_STRICT_OBJC_MSGSEND = YES;
				ENABLE_TESTABILITY = YES;
				ENABLE_USER_SCRIPT_SANDBOXING = YES;
				GCC_C_LANGUAGE_STANDARD = gnu17;
				GCC_DYNAMIC_NO_PIC = NO;
				GCC_NO_COMMON_BLOCKS = YES;
				GCC_OPTIMIZATION_LEVEL = 0;
				GCC_PREPROCESSOR_DEFINITIONS = (
					"DEBUG=1",
					"$(inherited)",
				);
				GCC_WARN_64_TO_32_BIT_CONVERSION = YES;
				GCC_WARN_ABOUT_RETURN_TYPE = YES_ERROR;
				GCC_WARN_UNDECLARED_SELECTOR = YES;
				GCC_WARN_UNINITIALIZED_AUTOS = YES_AGGRESSIVE;
				GCC_WARN_UNUSED_FUNCTION = YES;
				GCC_WARN_UNUSED_VARIABLE = YES;
				IPHONEOS_DEPLOYMENT_TARGET = 17.1;
				LOCALIZATION_PREFERS_STRING_CATALOGS = YES;
				MTL_ENABLE_DEBUG_INFO = INCLUDE_SOURCE;
				MTL_FAST_MATH = YES;
				ONLY_ACTIVE_ARCH = YES;
				SDKROOT = iphoneos;
				SWIFT_ACTIVE_COMPILATION_CONDITIONS = "DEBUG $(inherited)";
				SWIFT_OPTIMIZATION_LEVEL = "-Onone";
			};
			name = Debug;
		};
		9BD2AC582BD6C5EF0086AC78 /* Release */ = {
			isa = XCBuildConfiguration;
			buildSettings = {
				ALWAYS_SEARCH_USER_PATHS = NO;
				ASSETCATALOG_COMPILER_GENERATE_SWIFT_ASSET_SYMBOL_EXTENSIONS = YES;
				CLANG_ANALYZER_NONNULL = YES;
				CLANG_ANALYZER_NUMBER_OBJECT_CONVERSION = YES_AGGRESSIVE;
				CLANG_CXX_LANGUAGE_STANDARD = "gnu++20";
				CLANG_ENABLE_MODULES = YES;
				CLANG_ENABLE_OBJC_ARC = YES;
				CLANG_ENABLE_OBJC_WEAK = YES;
				CLANG_WARN_BLOCK_CAPTURE_AUTORELEASING = YES;
				CLANG_WARN_BOOL_CONVERSION = YES;
				CLANG_WARN_COMMA = YES;
				CLANG_WARN_CONSTANT_CONVERSION = YES;
				CLANG_WARN_DEPRECATED_OBJC_IMPLEMENTATIONS = YES;
				CLANG_WARN_DIRECT_OBJC_ISA_USAGE = YES_ERROR;
				CLANG_WARN_DOCUMENTATION_COMMENTS = YES;
				CLANG_WARN_EMPTY_BODY = YES;
				CLANG_WARN_ENUM_CONVERSION = YES;
				CLANG_WARN_INFINITE_RECURSION = YES;
				CLANG_WARN_INT_CONVERSION = YES;
				CLANG_WARN_NON_LITERAL_NULL_CONVERSION = YES;
				CLANG_WARN_OBJC_IMPLICIT_RETAIN_SELF = YES;
				CLANG_WARN_OBJC_LITERAL_CONVERSION = YES;
				CLANG_WARN_OBJC_ROOT_CLASS = YES_ERROR;
				CLANG_WARN_QUOTED_INCLUDE_IN_FRAMEWORK_HEADER = YES;
				CLANG_WARN_RANGE_LOOP_ANALYSIS = YES;
				CLANG_WARN_STRICT_PROTOTYPES = YES;
				CLANG_WARN_SUSPICIOUS_MOVE = YES;
				CLANG_WARN_UNGUARDED_AVAILABILITY = YES_AGGRESSIVE;
				CLANG_WARN_UNREACHABLE_CODE = YES;
				CLANG_WARN__DUPLICATE_METHOD_MATCH = YES;
				COPY_PHASE_STRIP = NO;
				DEBUG_INFORMATION_FORMAT = "dwarf-with-dsym";
				ENABLE_NS_ASSERTIONS = NO;
				ENABLE_STRICT_OBJC_MSGSEND = YES;
				ENABLE_USER_SCRIPT_SANDBOXING = YES;
				GCC_C_LANGUAGE_STANDARD = gnu17;
				GCC_NO_COMMON_BLOCKS = YES;
				GCC_WARN_64_TO_32_BIT_CONVERSION = YES;
				GCC_WARN_ABOUT_RETURN_TYPE = YES_ERROR;
				GCC_WARN_UNDECLARED_SELECTOR = YES;
				GCC_WARN_UNINITIALIZED_AUTOS = YES_AGGRESSIVE;
				GCC_WARN_UNUSED_FUNCTION = YES;
				GCC_WARN_UNUSED_VARIABLE = YES;
				IPHONEOS_DEPLOYMENT_TARGET = 17.1;
				LOCALIZATION_PREFERS_STRING_CATALOGS = YES;
				MTL_ENABLE_DEBUG_INFO = NO;
				MTL_FAST_MATH = YES;
				SDKROOT = iphoneos;
				SWIFT_COMPILATION_MODE = wholemodule;
				VALIDATE_PRODUCT = YES;
			};
			name = Release;
		};
		9BD2AC5A2BD6C5EF0086AC78 /* Debug */ = {
			isa = XCBuildConfiguration;
			buildSettings = {
				ASSETCATALOG_COMPILER_APPICON_NAME = AppIcon;
				ASSETCATALOG_COMPILER_GLOBAL_ACCENT_COLOR_NAME = AccentColor;
				CODE_SIGN_STYLE = Automatic;
				CURRENT_PROJECT_VERSION = 1;
				DEVELOPMENT_ASSET_PATHS = "\"P2PKitExample/Preview Content\"";
				DEVELOPMENT_TEAM = JDMH64LNAX;
				ENABLE_PREVIEWS = YES;
				GENERATE_INFOPLIST_FILE = YES;
				INFOPLIST_FILE = P2PKitExample/Info.plist;
				INFOPLIST_KEY_NSLocalNetworkUsageDescription = "This application will use local networking to discover nearby devices.";
				INFOPLIST_KEY_UIApplicationSceneManifest_Generation = YES;
				INFOPLIST_KEY_UIApplicationSupportsIndirectInputEvents = YES;
				INFOPLIST_KEY_UILaunchScreen_Generation = YES;
				INFOPLIST_KEY_UISupportedInterfaceOrientations_iPad = "UIInterfaceOrientationPortrait UIInterfaceOrientationPortraitUpsideDown UIInterfaceOrientationLandscapeLeft UIInterfaceOrientationLandscapeRight";
				INFOPLIST_KEY_UISupportedInterfaceOrientations_iPhone = "UIInterfaceOrientationPortrait UIInterfaceOrientationLandscapeLeft UIInterfaceOrientationLandscapeRight";
				LD_RUNPATH_SEARCH_PATHS = (
					"$(inherited)",
					"@executable_path/Frameworks",
				);
				MARKETING_VERSION = 1.0;
				PRODUCT_BUNDLE_IDENTIFIER = com.psun.P2PKitExample;
				PRODUCT_NAME = "$(TARGET_NAME)";
				SUPPORTED_PLATFORMS = "iphoneos iphonesimulator xros xrsimulator";
				SUPPORTS_MACCATALYST = NO;
				SUPPORTS_XR_DESIGNED_FOR_IPHONE_IPAD = NO;
				SWIFT_EMIT_LOC_STRINGS = YES;
				SWIFT_VERSION = 5.0;
				TARGETED_DEVICE_FAMILY = "1,2,7";
			};
			name = Debug;
		};
		9BD2AC5B2BD6C5EF0086AC78 /* Release */ = {
			isa = XCBuildConfiguration;
			buildSettings = {
				ASSETCATALOG_COMPILER_APPICON_NAME = AppIcon;
				ASSETCATALOG_COMPILER_GLOBAL_ACCENT_COLOR_NAME = AccentColor;
				CODE_SIGN_STYLE = Automatic;
				CURRENT_PROJECT_VERSION = 1;
				DEVELOPMENT_ASSET_PATHS = "\"P2PKitExample/Preview Content\"";
				DEVELOPMENT_TEAM = JDMH64LNAX;
				ENABLE_PREVIEWS = YES;
				GENERATE_INFOPLIST_FILE = YES;
				INFOPLIST_FILE = P2PKitExample/Info.plist;
				INFOPLIST_KEY_NSLocalNetworkUsageDescription = "This application will use local networking to discover nearby devices.";
				INFOPLIST_KEY_UIApplicationSceneManifest_Generation = YES;
				INFOPLIST_KEY_UIApplicationSupportsIndirectInputEvents = YES;
				INFOPLIST_KEY_UILaunchScreen_Generation = YES;
				INFOPLIST_KEY_UISupportedInterfaceOrientations_iPad = "UIInterfaceOrientationPortrait UIInterfaceOrientationPortraitUpsideDown UIInterfaceOrientationLandscapeLeft UIInterfaceOrientationLandscapeRight";
				INFOPLIST_KEY_UISupportedInterfaceOrientations_iPhone = "UIInterfaceOrientationPortrait UIInterfaceOrientationLandscapeLeft UIInterfaceOrientationLandscapeRight";
				LD_RUNPATH_SEARCH_PATHS = (
					"$(inherited)",
					"@executable_path/Frameworks",
				);
				MARKETING_VERSION = 1.0;
				PRODUCT_BUNDLE_IDENTIFIER = com.psun.P2PKitExample;
				PRODUCT_NAME = "$(TARGET_NAME)";
				SUPPORTED_PLATFORMS = "iphoneos iphonesimulator xros xrsimulator";
				SUPPORTS_MACCATALYST = NO;
				SUPPORTS_XR_DESIGNED_FOR_IPHONE_IPAD = NO;
				SWIFT_EMIT_LOC_STRINGS = YES;
				SWIFT_VERSION = 5.0;
				TARGETED_DEVICE_FAMILY = "1,2,7";
			};
			name = Release;
		};
		9BD2AC5D2BD6C5EF0086AC78 /* Debug */ = {
			isa = XCBuildConfiguration;
			buildSettings = {
				ALWAYS_EMBED_SWIFT_STANDARD_LIBRARIES = YES;
				BUNDLE_LOADER = "$(TEST_HOST)";
				CODE_SIGN_STYLE = Automatic;
				CURRENT_PROJECT_VERSION = 1;
				GENERATE_INFOPLIST_FILE = YES;
				IPHONEOS_DEPLOYMENT_TARGET = 17.2;
				MARKETING_VERSION = 1.0;
				PRODUCT_BUNDLE_IDENTIFIER = psun.P2PKitExampleTests;
				PRODUCT_NAME = "$(TARGET_NAME)";
				SWIFT_EMIT_LOC_STRINGS = NO;
				SWIFT_VERSION = 5.0;
				TARGETED_DEVICE_FAMILY = "1,2";
				TEST_HOST = "$(BUILT_PRODUCTS_DIR)/P2PKitExample.app/$(BUNDLE_EXECUTABLE_FOLDER_PATH)/P2PKitExample";
			};
			name = Debug;
		};
		9BD2AC5E2BD6C5EF0086AC78 /* Release */ = {
			isa = XCBuildConfiguration;
			buildSettings = {
				ALWAYS_EMBED_SWIFT_STANDARD_LIBRARIES = YES;
				BUNDLE_LOADER = "$(TEST_HOST)";
				CODE_SIGN_STYLE = Automatic;
				CURRENT_PROJECT_VERSION = 1;
				GENERATE_INFOPLIST_FILE = YES;
				IPHONEOS_DEPLOYMENT_TARGET = 17.2;
				MARKETING_VERSION = 1.0;
				PRODUCT_BUNDLE_IDENTIFIER = psun.P2PKitExampleTests;
				PRODUCT_NAME = "$(TARGET_NAME)";
				SWIFT_EMIT_LOC_STRINGS = NO;
				SWIFT_VERSION = 5.0;
				TARGETED_DEVICE_FAMILY = "1,2";
				TEST_HOST = "$(BUILT_PRODUCTS_DIR)/P2PKitExample.app/$(BUNDLE_EXECUTABLE_FOLDER_PATH)/P2PKitExample";
			};
			name = Release;
		};
		9BD2AC602BD6C5EF0086AC78 /* Debug */ = {
			isa = XCBuildConfiguration;
			buildSettings = {
				ALWAYS_EMBED_SWIFT_STANDARD_LIBRARIES = YES;
				CODE_SIGN_STYLE = Automatic;
				CURRENT_PROJECT_VERSION = 1;
				GENERATE_INFOPLIST_FILE = YES;
				MARKETING_VERSION = 1.0;
				PRODUCT_BUNDLE_IDENTIFIER = psun.P2PKitExampleUITests;
				PRODUCT_NAME = "$(TARGET_NAME)";
				SWIFT_EMIT_LOC_STRINGS = NO;
				SWIFT_VERSION = 5.0;
				TARGETED_DEVICE_FAMILY = "1,2";
				TEST_TARGET_NAME = P2PKitExample;
			};
			name = Debug;
		};
		9BD2AC612BD6C5EF0086AC78 /* Release */ = {
			isa = XCBuildConfiguration;
			buildSettings = {
				ALWAYS_EMBED_SWIFT_STANDARD_LIBRARIES = YES;
				CODE_SIGN_STYLE = Automatic;
				CURRENT_PROJECT_VERSION = 1;
				GENERATE_INFOPLIST_FILE = YES;
				MARKETING_VERSION = 1.0;
				PRODUCT_BUNDLE_IDENTIFIER = psun.P2PKitExampleUITests;
				PRODUCT_NAME = "$(TARGET_NAME)";
				SWIFT_EMIT_LOC_STRINGS = NO;
				SWIFT_VERSION = 5.0;
				TARGETED_DEVICE_FAMILY = "1,2";
				TEST_TARGET_NAME = P2PKitExample;
			};
			name = Release;
		};
/* End XCBuildConfiguration section */

/* Begin XCConfigurationList section */
		9BD2AC302BD6C5ED0086AC78 /* Build configuration list for PBXProject "P2PKitExample" */ = {
			isa = XCConfigurationList;
			buildConfigurations = (
				9BD2AC572BD6C5EF0086AC78 /* Debug */,
				9BD2AC582BD6C5EF0086AC78 /* Release */,
			);
			defaultConfigurationIsVisible = 0;
			defaultConfigurationName = Release;
		};
		9BD2AC592BD6C5EF0086AC78 /* Build configuration list for PBXNativeTarget "P2PKitExample" */ = {
			isa = XCConfigurationList;
			buildConfigurations = (
				9BD2AC5A2BD6C5EF0086AC78 /* Debug */,
				9BD2AC5B2BD6C5EF0086AC78 /* Release */,
			);
			defaultConfigurationIsVisible = 0;
			defaultConfigurationName = Release;
		};
		9BD2AC5C2BD6C5EF0086AC78 /* Build configuration list for PBXNativeTarget "P2PKitExampleTests" */ = {
			isa = XCConfigurationList;
			buildConfigurations = (
				9BD2AC5D2BD6C5EF0086AC78 /* Debug */,
				9BD2AC5E2BD6C5EF0086AC78 /* Release */,
			);
			defaultConfigurationIsVisible = 0;
			defaultConfigurationName = Release;
		};
		9BD2AC5F2BD6C5EF0086AC78 /* Build configuration list for PBXNativeTarget "P2PKitExampleUITests" */ = {
			isa = XCConfigurationList;
			buildConfigurations = (
				9BD2AC602BD6C5EF0086AC78 /* Debug */,
				9BD2AC612BD6C5EF0086AC78 /* Release */,
			);
			defaultConfigurationIsVisible = 0;
			defaultConfigurationName = Release;
		};
/* End XCConfigurationList section */
	};
	rootObject = 9BD2AC2D2BD6C5ED0086AC78 /* Project object */;
}
